# This file is automatically @generated by Poetry 1.8.2 and should not be changed by hand.

[[package]]
name = "go-task-bin"
version = "3.43.3"
description = "task - A task runner / simpler Make alternative written in Go"
optional = false
python-versions = ">=3.7"
files = [
    {file = "go_task_bin-3.43.3-py3-none-macosx_11_0_arm64.whl", hash = "sha256:38d0052c654603c050c77346c7c79419c1f9dfc654c53674735a544dca244752"},
    {file = "go_task_bin-3.43.3-py3-none-macosx_11_0_x86_64.whl", hash = "sha256:00331c3984c5f647964ddfc5f87c42c67c0896284e3f887991914cd28940c2a3"},
    {file = "go_task_bin-3.43.3-py3-none-manylinux2014_aarch64.manylinux_2_17_aarch64.musllinux_1_1_aarch64.whl", hash = "sha256:703e226720d078e4b894d91b33a6c6237a7ff7585679a413bd4c8a95568c86af"},
    {file = "go_task_bin-3.43.3-py3-none-manylinux2014_ppc64le.manylinux_2_17_ppc64le.musllinux_1_1_ppc64le.whl", hash = "sha256:7784f4200280f85630e8e4224d58e88f577d47fccc4dc389bcaff76bd9d9203f"},
    {file = "go_task_bin-3.43.3-py3-none-manylinux2014_s390x.manylinux_2_17_s390x.musllinux_1_1_s390x.whl", hash = "sha256:e6fb768b9a7a7bc24f70dcb53b9b3147debcbf41fd754d3bf160ca0d4c1bd841"},
    {file = "go_task_bin-3.43.3-py3-none-manylinux2014_x86_64.manylinux_2_17_x86_64.musllinux_1_1_x86_64.whl", hash = "sha256:9c2f4c2dfeb9fd36041c272dc5f16cbaea64cc9fd8e54f7023eadb086a4184a7"},
    {file = "go_task_bin-3.43.3-py3-none-win_amd64.whl", hash = "sha256:bea9669ed4e24dea06996aff06581e217c10c2f924b6ba2059d52a93c3a64c2a"},
    {file = "go_task_bin-3.43.3-py3-none-win_arm64.whl", hash = "sha256:f489b987814b8086f09617b678e911f1eed60955dba830c2d8f736d21dfc230b"},
    {file = "go_task_bin-3.43.3.tar.gz", hash = "sha256:f62762d64b5811924df06ad326a433565b018a20a0e1c5a099276daa300c0512"},
]

[metadata]
lock-version = "2.0"
python-versions = "^3.12"
content-hash = "15e804e4e7e8d8bdff786a901a5c6b199b606fe39c6da41ada5eaf0cd356876b"
